
Microsoft Visual Studio Solution File, Format Version 12.00
# Visual Studio 15
VisualStudioVersion = 15.0.28010.2048
MinimumVisualStudioVersion = 10.0.40219.1
Project("{FAE04EC0-301F-11D3-BF4B-00C04F79EFBC}") = "OnlineStorePlatform", "OnlineStorePlatform\OnlineStorePlatform.csproj", "{ACD8AE8E-5433-4308-A62E-D4EC291B3C39}"
EndProject
Project("{FAE04EC0-301F-11D3-BF4B-00C04F79EFBC}") = "Tests", "Tests\Tests.csproj", "{EDAEE6BF-C15D-46EC-856D-7DF2633A7539}"
EndProject
Global
	GlobalSection(SolutionConfigurationPlatforms) = preSolution
		Debug|Any CPU = Debug|Any CPU
		Release|Any CPU = Release|Any CPU
	EndGlobalSection
	GlobalSection(ProjectConfigurationPlatforms) = postSolution
		{ACD8AE8E-5433-4308-A62E-D4EC291B3C39}.Debug|Any CPU.ActiveCfg = Debug|Any CPU
		{ACD8AE8E-5433-4308-A62E-D4EC291B3C39}.Debug|Any CPU.Build.0 = Debug|Any CPU
		{ACD8AE8E-5433-4308-A62E-D4EC291B3C39}.Release|Any CPU.ActiveCfg = Release|Any CPU
		{ACD8AE8E-5433-4308-A62E-D4EC291B3C39}.Release|Any CPU.Build.0 = Release|Any CPU
		{EDAEE6BF-C15D-46EC-856D-7DF2633A7539}.Debug|Any CPU.ActiveCfg = Debug|Any CPU
		{EDAEE6BF-C15D-46EC-856D-7DF2633A7539}.Debug|Any CPU.Build.0 = Debug|Any CPU
		{EDAEE6BF-C15D-46EC-856D-7DF2633A7539}.Release|Any CPU.ActiveCfg = Release|Any CPU
		{EDAEE6BF-C15D-46EC-856D-7DF2633A7539}.Release|Any CPU.Build.0 = Release|Any CPU
	EndGlobalSection
	GlobalSection(SolutionProperties) = preSolution
		HideSolutionNode = FALSE
	EndGlobalSection
	GlobalSection(ExtensibilityGlobals) = postSolution
		SolutionGuid = {D53AF096-EDEF-4B88-9712-C1A9BAB0D4D1}
	EndGlobalSection
EndGlobal
